
Microsoft Visual Studio Solution File, Format Version 12.00
# Visual Studio 14
VisualStudioVersion = 14.0.24720.0
MinimumVisualStudioVersion = 10.0.40219.1
Project("{FAE04EC0-301F-11D3-BF4B-00C04F79EFBC}") = "CustomComponents.Core", "CustomComponents.Core\CustomComponents.Core.csproj", "{48584AC1-403E-43FB-8C62-748F5CC6154D}"
EndProject
Project("{FAE04EC0-301F-11D3-BF4B-00C04F79EFBC}") = "CustomComponents.Repository", "CustomComponents.Repository\CustomComponents.Repository.csproj", "{D23E3A2E-0DC5-4364-AA05-EAD57B1DB7A0}"
EndProject
Project("{FAE04EC0-301F-11D3-BF4B-00C04F79EFBC}") = "CustomComponents.Mvc", "CustomComponents.Mvc\CustomComponents.Mvc.csproj", "{2C83EAC4-B94F-4C2F-901B-8BB1B92460A9}"
EndProject
Project("{FAE04EC0-301F-11D3-BF4B-00C04F79EFBC}") = "CustomComponents.Services", "CustomComponents.Services\CustomComponents.Services.csproj", "{4D1AF5FA-6BC6-4403-A45D-AD2BBF3B609A}"
EndProject
Project("{FAE04EC0-301F-11D3-BF4B-00C04F79EFBC}") = "CustomComponents.WinForms", "CustomComponents.WinForms\CustomComponents.WinForms.csproj", "{6D0508D2-CC2E-412F-8574-7DE276195EEC}"
EndProject
Project("{2150E333-8FDC-42A3-9474-1A3956D46DE8}") = "Extensions", "Extensions", "{30052992-72AF-42F7-BE58-70E9E26FB41A}"
EndProject
Project("{FAE04EC0-301F-11D3-BF4B-00C04F79EFBC}") = "SqlExtensions.Extensions", "Extensions\SqlExtensions.Extensions\SqlExtensions.Extensions.csproj", "{1B9398E6-C43B-47C2-A7B5-4FA00AAC1D7B}"
EndProject
Project("{FAE04EC0-301F-11D3-BF4B-00C04F79EFBC}") = "EntityFramework.Extensions", "Extensions\EntityFramework.Extensions\EntityFramework.Extensions.csproj", "{0DD2C80A-2C39-4AC3-8BE5-124161F5AF8C}"
EndProject
Project("{FAE04EC0-301F-11D3-BF4B-00C04F79EFBC}") = "CustomComponents.UnitTesting", "CustomComponents.UnitTesting\CustomComponents.UnitTesting.csproj", "{3FA9A6DA-F373-4F05-8089-918D3A3033BD}"
EndProject
Project("{2150E333-8FDC-42A3-9474-1A3956D46DE8}") = "Algorithms", "Algorithms", "{3560F2F8-16F2-4E11-9056-8FEA2ED1887D}"
EndProject
Project("{FAE04EC0-301F-11D3-BF4B-00C04F79EFBC}") = "CustomComponents.Algorithms", "Algorithms\CustomComponents.Algorithms\CustomComponents.Algorithms.csproj", "{096C5155-4FCB-442D-98AD-8EB1C2551832}"
EndProject
Project("{FAE04EC0-301F-11D3-BF4B-00C04F79EFBC}") = "CustomComponents.Mvc.UserControls", "CustomComponents.Mvc.UserControls\CustomComponents.Mvc.UserControls.csproj", "{BB094F7C-D918-4E2A-BBD4-DC26E37CF681}"
EndProject
Project("{FAE04EC0-301F-11D3-BF4B-00C04F79EFBC}") = "CustomComponents.ConsoleApplication", "CustomComponents.ConsoleApplication\CustomComponents.ConsoleApplication.csproj", "{946B7A4E-5669-49ED-9A6C-757C8F56FFB7}"
EndProject
Project("{FAE04EC0-301F-11D3-BF4B-00C04F79EFBC}") = "CustomComponents.Tests", "CustomComponents.Tests\CustomComponents.Tests.csproj", "{F81F1978-A99E-4F47-991F-F68336424B0D}"
EndProject
Project("{2150E333-8FDC-42A3-9474-1A3956D46DE8}") = "Plugins", "Plugins", "{3AD75C14-EE49-4EA0-B11F-0008B8748AC3}"
EndProject
Project("{FAE04EC0-301F-11D3-BF4B-00C04F79EFBC}") = "Logging.Log4net", "Plugins\Logging.Log4net\Logging.Log4net.csproj", "{51717B52-2156-4C2D-A089-ECF299C752A1}"
EndProject
Project("{FAE04EC0-301F-11D3-BF4B-00C04F79EFBC}") = "Repository.EntityFramework", "Plugins\Repository.EntityFramework\Repository.EntityFramework.csproj", "{E8201F94-365B-49CD-806E-6429C90C8505}"
EndProject
Project("{FAE04EC0-301F-11D3-BF4B-00C04F79EFBC}") = "Repository.OMapper", "Plugins\Repository.OMapper\Repository.OMapper.csproj", "{92025A68-039F-4FF3-BC77-060AFEA16495}"
EndProject
Global
	GlobalSection(Performance) = preSolution
		HasPerformanceSessions = true
	EndGlobalSection
	GlobalSection(SolutionConfigurationPlatforms) = preSolution
		Debug|Any CPU = Debug|Any CPU
		Release|Any CPU = Release|Any CPU
	EndGlobalSection
	GlobalSection(ProjectConfigurationPlatforms) = postSolution
		{48584AC1-403E-43FB-8C62-748F5CC6154D}.Debug|Any CPU.ActiveCfg = Debug|Any CPU
		{48584AC1-403E-43FB-8C62-748F5CC6154D}.Debug|Any CPU.Build.0 = Debug|Any CPU
		{48584AC1-403E-43FB-8C62-748F5CC6154D}.Release|Any CPU.ActiveCfg = Release|Any CPU
		{48584AC1-403E-43FB-8C62-748F5CC6154D}.Release|Any CPU.Build.0 = Release|Any CPU
		{D23E3A2E-0DC5-4364-AA05-EAD57B1DB7A0}.Debug|Any CPU.ActiveCfg = Debug|Any CPU
		{D23E3A2E-0DC5-4364-AA05-EAD57B1DB7A0}.Debug|Any CPU.Build.0 = Debug|Any CPU
		{D23E3A2E-0DC5-4364-AA05-EAD57B1DB7A0}.Release|Any CPU.ActiveCfg = Release|Any CPU
		{D23E3A2E-0DC5-4364-AA05-EAD57B1DB7A0}.Release|Any CPU.Build.0 = Release|Any CPU
		{2C83EAC4-B94F-4C2F-901B-8BB1B92460A9}.Debug|Any CPU.ActiveCfg = Debug|Any CPU
		{2C83EAC4-B94F-4C2F-901B-8BB1B92460A9}.Debug|Any CPU.Build.0 = Debug|Any CPU
		{2C83EAC4-B94F-4C2F-901B-8BB1B92460A9}.Release|Any CPU.ActiveCfg = Release|Any CPU
		{2C83EAC4-B94F-4C2F-901B-8BB1B92460A9}.Release|Any CPU.Build.0 = Release|Any CPU
		{4D1AF5FA-6BC6-4403-A45D-AD2BBF3B609A}.Debug|Any CPU.ActiveCfg = Debug|Any CPU
		{4D1AF5FA-6BC6-4403-A45D-AD2BBF3B609A}.Debug|Any CPU.Build.0 = Debug|Any CPU
		{4D1AF5FA-6BC6-4403-A45D-AD2BBF3B609A}.Release|Any CPU.ActiveCfg = Release|Any CPU
		{4D1AF5FA-6BC6-4403-A45D-AD2BBF3B609A}.Release|Any CPU.Build.0 = Release|Any CPU
		{6D0508D2-CC2E-412F-8574-7DE276195EEC}.Debug|Any CPU.ActiveCfg = Debug|Any CPU
		{6D0508D2-CC2E-412F-8574-7DE276195EEC}.Debug|Any CPU.Build.0 = Debug|Any CPU
		{6D0508D2-CC2E-412F-8574-7DE276195EEC}.Release|Any CPU.ActiveCfg = Release|Any CPU
		{6D0508D2-CC2E-412F-8574-7DE276195EEC}.Release|Any CPU.Build.0 = Release|Any CPU
		{1B9398E6-C43B-47C2-A7B5-4FA00AAC1D7B}.Debug|Any CPU.ActiveCfg = Debug|Any CPU
		{1B9398E6-C43B-47C2-A7B5-4FA00AAC1D7B}.Debug|Any CPU.Build.0 = Debug|Any CPU
		{1B9398E6-C43B-47C2-A7B5-4FA00AAC1D7B}.Release|Any CPU.ActiveCfg = Release|Any CPU
		{1B9398E6-C43B-47C2-A7B5-4FA00AAC1D7B}.Release|Any CPU.Build.0 = Release|Any CPU
		{0DD2C80A-2C39-4AC3-8BE5-124161F5AF8C}.Debug|Any CPU.ActiveCfg = Debug|Any CPU
		{0DD2C80A-2C39-4AC3-8BE5-124161F5AF8C}.Debug|Any CPU.Build.0 = Debug|Any CPU
		{0DD2C80A-2C39-4AC3-8BE5-124161F5AF8C}.Release|Any CPU.ActiveCfg = Release|Any CPU
		{0DD2C80A-2C39-4AC3-8BE5-124161F5AF8C}.Release|Any CPU.Build.0 = Release|Any CPU
		{3FA9A6DA-F373-4F05-8089-918D3A3033BD}.Debug|Any CPU.ActiveCfg = Debug|Any CPU
		{3FA9A6DA-F373-4F05-8089-918D3A3033BD}.Debug|Any CPU.Build.0 = Debug|Any CPU
		{3FA9A6DA-F373-4F05-8089-918D3A3033BD}.Release|Any CPU.ActiveCfg = Release|Any CPU
		{3FA9A6DA-F373-4F05-8089-918D3A3033BD}.Release|Any CPU.Build.0 = Release|Any CPU
		{096C5155-4FCB-442D-98AD-8EB1C2551832}.Debug|Any CPU.ActiveCfg = Debug|Any CPU
		{096C5155-4FCB-442D-98AD-8EB1C2551832}.Debug|Any CPU.Build.0 = Debug|Any CPU
		{096C5155-4FCB-442D-98AD-8EB1C2551832}.Release|Any CPU.ActiveCfg = Release|Any CPU
		{096C5155-4FCB-442D-98AD-8EB1C2551832}.Release|Any CPU.Build.0 = Release|Any CPU
		{BB094F7C-D918-4E2A-BBD4-DC26E37CF681}.Debug|Any CPU.ActiveCfg = Debug|Any CPU
		{BB094F7C-D918-4E2A-BBD4-DC26E37CF681}.Debug|Any CPU.Build.0 = Debug|Any CPU
		{BB094F7C-D918-4E2A-BBD4-DC26E37CF681}.Release|Any CPU.ActiveCfg = Release|Any CPU
		{BB094F7C-D918-4E2A-BBD4-DC26E37CF681}.Release|Any CPU.Build.0 = Release|Any CPU
		{946B7A4E-5669-49ED-9A6C-757C8F56FFB7}.Debug|Any CPU.ActiveCfg = Debug|Any CPU
		{946B7A4E-5669-49ED-9A6C-757C8F56FFB7}.Debug|Any CPU.Build.0 = Debug|Any CPU
		{946B7A4E-5669-49ED-9A6C-757C8F56FFB7}.Release|Any CPU.ActiveCfg = Release|Any CPU
		{946B7A4E-5669-49ED-9A6C-757C8F56FFB7}.Release|Any CPU.Build.0 = Release|Any CPU
		{F81F1978-A99E-4F47-991F-F68336424B0D}.Debug|Any CPU.ActiveCfg = Debug|Any CPU
		{F81F1978-A99E-4F47-991F-F68336424B0D}.Debug|Any CPU.Build.0 = Debug|Any CPU
		{F81F1978-A99E-4F47-991F-F68336424B0D}.Release|Any CPU.ActiveCfg = Release|Any CPU
		{F81F1978-A99E-4F47-991F-F68336424B0D}.Release|Any CPU.Build.0 = Release|Any CPU
		{51717B52-2156-4C2D-A089-ECF299C752A1}.Debug|Any CPU.ActiveCfg = Debug|Any CPU
		{51717B52-2156-4C2D-A089-ECF299C752A1}.Debug|Any CPU.Build.0 = Debug|Any CPU
		{51717B52-2156-4C2D-A089-ECF299C752A1}.Release|Any CPU.ActiveCfg = Release|Any CPU
		{51717B52-2156-4C2D-A089-ECF299C752A1}.Release|Any CPU.Build.0 = Release|Any CPU
		{E8201F94-365B-49CD-806E-6429C90C8505}.Debug|Any CPU.ActiveCfg = Debug|Any CPU
		{E8201F94-365B-49CD-806E-6429C90C8505}.Debug|Any CPU.Build.0 = Debug|Any CPU
		{E8201F94-365B-49CD-806E-6429C90C8505}.Release|Any CPU.ActiveCfg = Release|Any CPU
		{E8201F94-365B-49CD-806E-6429C90C8505}.Release|Any CPU.Build.0 = Release|Any CPU
		{92025A68-039F-4FF3-BC77-060AFEA16495}.Debug|Any CPU.ActiveCfg = Debug|Any CPU
		{92025A68-039F-4FF3-BC77-060AFEA16495}.Debug|Any CPU.Build.0 = Debug|Any CPU
		{92025A68-039F-4FF3-BC77-060AFEA16495}.Release|Any CPU.ActiveCfg = Release|Any CPU
		{92025A68-039F-4FF3-BC77-060AFEA16495}.Release|Any CPU.Build.0 = Release|Any CPU
	EndGlobalSection
	GlobalSection(SolutionProperties) = preSolution
		HideSolutionNode = FALSE
	EndGlobalSection
	GlobalSection(NestedProjects) = preSolution
		{1B9398E6-C43B-47C2-A7B5-4FA00AAC1D7B} = {30052992-72AF-42F7-BE58-70E9E26FB41A}
		{0DD2C80A-2C39-4AC3-8BE5-124161F5AF8C} = {30052992-72AF-42F7-BE58-70E9E26FB41A}
		{096C5155-4FCB-442D-98AD-8EB1C2551832} = {3560F2F8-16F2-4E11-9056-8FEA2ED1887D}
		{51717B52-2156-4C2D-A089-ECF299C752A1} = {3AD75C14-EE49-4EA0-B11F-0008B8748AC3}
		{E8201F94-365B-49CD-806E-6429C90C8505} = {3AD75C14-EE49-4EA0-B11F-0008B8748AC3}
		{92025A68-039F-4FF3-BC77-060AFEA16495} = {3AD75C14-EE49-4EA0-B11F-0008B8748AC3}
	EndGlobalSection
EndGlobal
