
Microsoft Visual Studio Solution File, Format Version 11.00
# Visual Studio 2010
Project("{FAE04EC0-301F-11D3-BF4B-00C04F79EFBC}") = "EnhancedLibrary", "EnhancedLibrary\EnhancedLibrary.csproj", "{DFC31836-CC5E-4FB4-940D-C4B54F34F5D5}"
EndProject
Project("{FAE04EC0-301F-11D3-BF4B-00C04F79EFBC}") = "EnhancedLibrary.Console", "EnhancedLibrary.Console\EnhancedLibrary.Console.csproj", "{85D836F3-EDDE-4903-9A91-266FA983201B}"
EndProject
Project("{FAE04EC0-301F-11D3-BF4B-00C04F79EFBC}") = "EnhancedLibrary.Tests", "EnhancedLibrary.Tests\EnhancedLibrary.Tests.csproj", "{4140F5F0-8EE6-4CD2-919A-798D7EEBB1D5}"
EndProject
Global
	GlobalSection(SourceCodeControl) = preSolution
		SccNumberOfProjects = 4
		SccLocalPath0 = .
		SccProjectUniqueName1 = EnhancedLibrary.Console\\EnhancedLibrary.Console.csproj
		SccLocalPath1 = .
		SccProjectFilePathRelativizedFromConnection1 = EnhancedLibrary.Console\\
		SccProjectUniqueName2 = EnhancedLibrary.Tests\\EnhancedLibrary.Tests.csproj
		SccLocalPath2 = .
		SccProjectFilePathRelativizedFromConnection2 = EnhancedLibrary.Tests\\
		SccProjectUniqueName3 = EnhancedLibrary\\EnhancedLibrary.csproj
		SccLocalPath3 = .
		SccProjectFilePathRelativizedFromConnection3 = EnhancedLibrary\\
	EndGlobalSection
	GlobalSection(SolutionConfigurationPlatforms) = preSolution
		Debug|Any CPU = Debug|Any CPU
		Debug|Mixed Platforms = Debug|Mixed Platforms
		Debug|x86 = Debug|x86
		Release|Any CPU = Release|Any CPU
		Release|Mixed Platforms = Release|Mixed Platforms
		Release|x86 = Release|x86
	EndGlobalSection
	GlobalSection(ProjectConfigurationPlatforms) = postSolution
		{DFC31836-CC5E-4FB4-940D-C4B54F34F5D5}.Debug|Any CPU.ActiveCfg = Debug|Any CPU
		{DFC31836-CC5E-4FB4-940D-C4B54F34F5D5}.Debug|Any CPU.Build.0 = Debug|Any CPU
		{DFC31836-CC5E-4FB4-940D-C4B54F34F5D5}.Debug|Mixed Platforms.ActiveCfg = Debug|Any CPU
		{DFC31836-CC5E-4FB4-940D-C4B54F34F5D5}.Debug|Mixed Platforms.Build.0 = Debug|Any CPU
		{DFC31836-CC5E-4FB4-940D-C4B54F34F5D5}.Debug|x86.ActiveCfg = Debug|Any CPU
		{DFC31836-CC5E-4FB4-940D-C4B54F34F5D5}.Release|Any CPU.ActiveCfg = Release|Any CPU
		{DFC31836-CC5E-4FB4-940D-C4B54F34F5D5}.Release|Any CPU.Build.0 = Release|Any CPU
		{DFC31836-CC5E-4FB4-940D-C4B54F34F5D5}.Release|Mixed Platforms.ActiveCfg = Release|Any CPU
		{DFC31836-CC5E-4FB4-940D-C4B54F34F5D5}.Release|Mixed Platforms.Build.0 = Release|Any CPU
		{DFC31836-CC5E-4FB4-940D-C4B54F34F5D5}.Release|x86.ActiveCfg = Release|Any CPU
		{85D836F3-EDDE-4903-9A91-266FA983201B}.Debug|Any CPU.ActiveCfg = Debug|x86
		{85D836F3-EDDE-4903-9A91-266FA983201B}.Debug|Mixed Platforms.ActiveCfg = Debug|x86
		{85D836F3-EDDE-4903-9A91-266FA983201B}.Debug|Mixed Platforms.Build.0 = Debug|x86
		{85D836F3-EDDE-4903-9A91-266FA983201B}.Debug|x86.ActiveCfg = Debug|x86
		{85D836F3-EDDE-4903-9A91-266FA983201B}.Debug|x86.Build.0 = Debug|x86
		{85D836F3-EDDE-4903-9A91-266FA983201B}.Release|Any CPU.ActiveCfg = Release|x86
		{85D836F3-EDDE-4903-9A91-266FA983201B}.Release|Mixed Platforms.ActiveCfg = Release|x86
		{85D836F3-EDDE-4903-9A91-266FA983201B}.Release|Mixed Platforms.Build.0 = Release|x86
		{85D836F3-EDDE-4903-9A91-266FA983201B}.Release|x86.ActiveCfg = Release|x86
		{85D836F3-EDDE-4903-9A91-266FA983201B}.Release|x86.Build.0 = Release|x86
		{4140F5F0-8EE6-4CD2-919A-798D7EEBB1D5}.Debug|Any CPU.ActiveCfg = Debug|Any CPU
		{4140F5F0-8EE6-4CD2-919A-798D7EEBB1D5}.Debug|Any CPU.Build.0 = Debug|Any CPU
		{4140F5F0-8EE6-4CD2-919A-798D7EEBB1D5}.Debug|Mixed Platforms.ActiveCfg = Debug|Any CPU
		{4140F5F0-8EE6-4CD2-919A-798D7EEBB1D5}.Debug|Mixed Platforms.Build.0 = Debug|Any CPU
		{4140F5F0-8EE6-4CD2-919A-798D7EEBB1D5}.Debug|x86.ActiveCfg = Debug|Any CPU
		{4140F5F0-8EE6-4CD2-919A-798D7EEBB1D5}.Release|Any CPU.ActiveCfg = Release|Any CPU
		{4140F5F0-8EE6-4CD2-919A-798D7EEBB1D5}.Release|Any CPU.Build.0 = Release|Any CPU
		{4140F5F0-8EE6-4CD2-919A-798D7EEBB1D5}.Release|Mixed Platforms.ActiveCfg = Release|Any CPU
		{4140F5F0-8EE6-4CD2-919A-798D7EEBB1D5}.Release|Mixed Platforms.Build.0 = Release|Any CPU
		{4140F5F0-8EE6-4CD2-919A-798D7EEBB1D5}.Release|x86.ActiveCfg = Release|Any CPU
	EndGlobalSection
	GlobalSection(SolutionProperties) = preSolution
		HideSolutionNode = FALSE
	EndGlobalSection
EndGlobal
